// !$*UTF8*$!
{
	archiveVersion = 1;
	classes = {
	};
	objectVersion = 46;
	objects = {

/* Begin PBXBuildFile section */
		0630DAA11F0A070900AE9D1E /* main.m in Sources */ = {isa = PBXBuildFile; fileRef = 0630DAA01F0A070900AE9D1E /* main.m */; };
		0630DAA41F0A070900AE9D1E /* AppDelegate.m in Sources */ = {isa = PBXBuildFile; fileRef = 0630DAA31F0A070900AE9D1E /* AppDelegate.m */; };
		0630DAA71F0A070900AE9D1E /* ViewController.m in Sources */ = {isa = PBXBuildFile; fileRef = 0630DAA61F0A070900AE9D1E /* ViewController.m */; };
		0630DAAA1F0A070900AE9D1E /* Main.storyboard in Resources */ = {isa = PBXBuildFile; fileRef = 0630DAA81F0A070900AE9D1E /* Main.storyboard */; };
		0630DAAC1F0A070900AE9D1E /* Assets.xcassets in Resources */ = {isa = PBXBuildFile; fileRef = 0630DAAB1F0A070900AE9D1E /* Assets.xcassets */; };
		0630DAAF1F0A070900AE9D1E /* LaunchScreen.storyboard in Resources */ = {isa = PBXBuildFile; fileRef = 0630DAAD1F0A070900AE9D1E /* LaunchScreen.storyboard */; };
		0630DABA1F0A070A00AE9D1E /* ViewPushWayTests.m in Sources */ = {isa = PBXBuildFile; fileRef = 0630DAB91F0A070A00AE9D1E /* ViewPushWayTests.m */; };
		0630DAC51F0A070A00AE9D1E /* ViewPushWayUITests.m in Sources */ = {isa = PBXBuildFile; fileRef = 0630DAC41F0A070A00AE9D1E /* ViewPushWayUITests.m */; };
		0630DAD41F0A072200AE9D1E /* ViewPushViewController.m in Sources */ = {isa = PBXBuildFile; fileRef = 0630DAD31F0A072200AE9D1E /* ViewPushViewController.m */; };
		0630DAD71F0A073500AE9D1E /* CustomView.m in Sources */ = {isa = PBXBuildFile; fileRef = 0630DAD61F0A073500AE9D1E /* CustomView.m */; };
/* End PBXBuildFile section */

/* Begin PBXContainerItemProxy section */
		0630DAB61F0A070A00AE9D1E /* PBXContainerItemProxy */ = {
			isa = PBXContainerItemProxy;
			containerPortal = 0630DA941F0A070900AE9D1E /* Project object */;
			proxyType = 1;
			remoteGlobalIDString = 0630DA9B1F0A070900AE9D1E;
			remoteInfo = ViewPushWay;
		};
		0630DAC11F0A070A00AE9D1E /* PBXContainerItemProxy */ = {
			isa = PBXContainerItemProxy;
			containerPortal = 0630DA941F0A070900AE9D1E /* Project object */;
			proxyType = 1;
			remoteGlobalIDString = 0630DA9B1F0A070900AE9D1E;
			remoteInfo = ViewPushWay;
		};
/* End PBXContainerItemProxy section */

/* Begin PBXFileReference section */
		0630DA9C1F0A070900AE9D1E /* ViewPushWay.app */ = {isa = PBXFileReference; explicitFileType = wrapper.application; includeInIndex = 0; path = ViewPushWay.app; sourceTree = BUILT_PRODUCTS_DIR; };
		0630DAA01F0A070900AE9D1E /* main.m */ = {isa = PBXFileReference; lastKnownFileType = sourcecode.c.objc; path = main.m; sourceTree = "<group>"; };
		0630DAA21F0A070900AE9D1E /* AppDelegate.h */ = {isa = PBXFileReference; lastKnownFileType = sourcecode.c.h; path = AppDelegate.h; sourceTree = "<group>"; };
		0630DAA31F0A070900AE9D1E /* AppDelegate.m */ = {isa = PBXFileReference; lastKnownFileType = sourcecode.c.objc; path = AppDelegate.m; sourceTree = "<group>"; };
		0630DAA51F0A070900AE9D1E /* ViewController.h */ = {isa = PBXFileReference; lastKnownFileType = sourcecode.c.h; path = ViewController.h; sourceTree = "<group>"; };
		0630DAA61F0A070900AE9D1E /* ViewController.m */ = {isa = PBXFileReference; lastKnownFileType = sourcecode.c.objc; path = ViewController.m; sourceTree = "<group>"; };
		0630DAA91F0A070900AE9D1E /* Base */ = {isa = PBXFileReference; lastKnownFileType = file.storyboard; name = Base; path = Base.lproj/Main.storyboard; sourceTree = "<group>"; };
		0630DAAB1F0A070900AE9D1E /* Assets.xcassets */ = {isa = PBXFileReference; lastKnownFileType = folder.assetcatalog; path = Assets.xcassets; sourceTree = "<group>"; };
		0630DAAE1F0A070900AE9D1E /* Base */ = {isa = PBXFileReference; lastKnownFileType = file.storyboard; name = Base; path = Base.lproj/LaunchScreen.storyboard; sourceTree = "<group>"; };
		0630DAB01F0A070900AE9D1E /* Info.plist */ = {isa = PBXFileReference; lastKnownFileType = text.plist.xml; path = Info.plist; sourceTree = "<group>"; };
		0630DAB51F0A070A00AE9D1E /* ViewPushWayTests.xctest */ = {isa = PBXFileReference; explicitFileType = wrapper.cfbundle; includeInIndex = 0; path = ViewPushWayTests.xctest; sourceTree = BUILT_PRODUCTS_DIR; };
		0630DAB91F0A070A00AE9D1E /* ViewPushWayTests.m */ = {isa = PBXFileReference; lastKnownFileType = sourcecode.c.objc; path = ViewPushWayTests.m; sourceTree = "<group>"; };
		0630DABB1F0A070A00AE9D1E /* Info.plist */ = {isa = PBXFileReference; lastKnownFileType = text.plist.xml; path = Info.plist; sourceTree = "<group>"; };
		0630DAC01F0A070A00AE9D1E /* ViewPushWayUITests.xctest */ = {isa = PBXFileReference; explicitFileType = wrapper.cfbundle; includeInIndex = 0; path = ViewPushWayUITests.xctest; sourceTree = BUILT_PRODUCTS_DIR; };
		0630DAC41F0A070A00AE9D1E /* ViewPushWayUITests.m */ = {isa = PBXFileReference; lastKnownFileType = sourcecode.c.objc; path = ViewPushWayUITests.m; sourceTree = "<group>"; };
		0630DAC61F0A070A00AE9D1E /* Info.plist */ = {isa = PBXFileReference; lastKnownFileType = text.plist.xml; path = Info.plist; sourceTree = "<group>"; };
		0630DAD21F0A072200AE9D1E /* ViewPushViewController.h */ = {isa = PBXFileReference; fileEncoding = 4; lastKnownFileType = sourcecode.c.h; path = ViewPushViewController.h; sourceTree = "<group>"; };
		0630DAD31F0A072200AE9D1E /* ViewPushViewController.m */ = {isa = PBXFileReference; fileEncoding = 4; lastKnownFileType = sourcecode.c.objc; path = ViewPushViewController.m; sourceTree = "<group>"; };
		0630DAD51F0A073500AE9D1E /* CustomView.h */ = {isa = PBXFileReference; fileEncoding = 4; lastKnownFileType = sourcecode.c.h; path = CustomView.h; sourceTree = "<group>"; };
		0630DAD61F0A073500AE9D1E /* CustomView.m */ = {isa = PBXFileReference; fileEncoding = 4; lastKnownFileType = sourcecode.c.objc; path = CustomView.m; sourceTree = "<group>"; };
/* End PBXFileReference section */

/* Begin PBXFrameworksBuildPhase section */
		0630DA991F0A070900AE9D1E /* Frameworks */ = {
			isa = PBXFrameworksBuildPhase;
			buildActionMask = 2147483647;
			files = (
			);
			runOnlyForDeploymentPostprocessing = 0;
		};
		0630DAB21F0A070A00AE9D1E /* Frameworks */ = {
			isa = PBXFrameworksBuildPhase;
			buildActionMask = 2147483647;
			files = (
			);
			runOnlyForDeploymentPostprocessing = 0;
		};
		0630DABD1F0A070A00AE9D1E /* Frameworks */ = {
			isa = PBXFrameworksBuildPhase;
			buildActionMask = 2147483647;
			files = (
			);
			runOnlyForDeploymentPostprocessing = 0;
		};
/* End PBXFrameworksBuildPhase section */

/* Begin PBXGroup section */
		0630DA931F0A070900AE9D1E = {
			isa = PBXGroup;
			children = (
				0630DA9E1F0A070900AE9D1E /* ViewPushWay */,
				0630DAB81F0A070A00AE9D1E /* ViewPushWayTests */,
				0630DAC31F0A070A00AE9D1E /* ViewPushWayUITests */,
				0630DA9D1F0A070900AE9D1E /* Products */,
			);
			sourceTree = "<group>";
		};
		0630DA9D1F0A070900AE9D1E /* Products */ = {
			isa = PBXGroup;
			children = (
				0630DA9C1F0A070900AE9D1E /* ViewPushWay.app */,
				0630DAB51F0A070A00AE9D1E /* ViewPushWayTests.xctest */,
				0630DAC01F0A070A00AE9D1E /* ViewPushWayUITests.xctest */,
			);
			name = Products;
			sourceTree = "<group>";
		};
		0630DA9E1F0A070900AE9D1E /* ViewPushWay */ = {
			isa = PBXGroup;
			children = (
				0630DAA21F0A070900AE9D1E /* AppDelegate.h */,
				0630DAA31F0A070900AE9D1E /* AppDelegate.m */,
				0630DAA51F0A070900AE9D1E /* ViewController.h */,
				0630DAA61F0A070900AE9D1E /* ViewController.m */,
				0630DAD51F0A073500AE9D1E /* CustomView.h */,
				0630DAD61F0A073500AE9D1E /* CustomView.m */,
				0630DAD21F0A072200AE9D1E /* ViewPushViewController.h */,
				0630DAD31F0A072200AE9D1E /* ViewPushViewController.m */,
				0630DAA81F0A070900AE9D1E /* Main.storyboard */,
				0630DAAB1F0A070900AE9D1E /* Assets.xcassets */,
				0630DAAD1F0A070900AE9D1E /* LaunchScreen.storyboard */,
				0630DAB01F0A070900AE9D1E /* Info.plist */,
				0630DA9F1F0A070900AE9D1E /* Supporting Files */,
			);
			path = ViewPushWay;
			sourceTree = "<group>";
		};
		0630DA9F1F0A070900AE9D1E /* Supporting Files */ = {
			isa = PBXGroup;
			children = (
				0630DAA01F0A070900AE9D1E /* main.m */,
			);
			name = "Supporting Files";
			sourceTree = "<group>";
		};
		0630DAB81F0A070A00AE9D1E /* ViewPushWayTests */ = {
			isa = PBXGroup;
			children = (
				0630DAB91F0A070A00AE9D1E /* ViewPushWayTests.m */,
				0630DABB1F0A070A00AE9D1E /* Info.plist */,
			);
			path = ViewPushWayTests;
			sourceTree = "<group>";
		};
		0630DAC31F0A070A00AE9D1E /* ViewPushWayUITests */ = {
			isa = PBXGroup;
			children = (
				0630DAC41F0A070A00AE9D1E /* ViewPushWayUITests.m */,
				0630DAC61F0A070A00AE9D1E /* Info.plist */,
			);
			path = ViewPushWayUITests;
			sourceTree = "<group>";
		};
/* End PBXGroup section */

/* Begin PBXNativeTarget section */
		0630DA9B1F0A070900AE9D1E /* ViewPushWay */ = {
			isa = PBXNativeTarget;
			buildConfigurationList = 0630DAC91F0A070A00AE9D1E /* Build configuration list for PBXNativeTarget "ViewPushWay" */;
			buildPhases = (
				0630DA981F0A070900AE9D1E /* Sources */,
				0630DA991F0A070900AE9D1E /* Frameworks */,
				0630DA9A1F0A070900AE9D1E /* Resources */,
			);
			buildRules = (
			);
			dependencies = (
			);
			name = ViewPushWay;
			productName = ViewPushWay;
			productReference = 0630DA9C1F0A070900AE9D1E /* ViewPushWay.app */;
			productType = "com.apple.product-type.application";
		};
		0630DAB41F0A070A00AE9D1E /* ViewPushWayTests */ = {
			isa = PBXNativeTarget;
			buildConfigurationList = 0630DACC1F0A070A00AE9D1E /* Build configuration list for PBXNativeTarget "ViewPushWayTests" */;
			buildPhases = (
				0630DAB11F0A070A00AE9D1E /* Sources */,
				0630DAB21F0A070A00AE9D1E /* Frameworks */,
				0630DAB31F0A070A00AE9D1E /* Resources */,
			);
			buildRules = (
			);
			dependencies = (
				0630DAB71F0A070A00AE9D1E /* PBXTargetDependency */,
			);
			name = ViewPushWayTests;
			productName = ViewPushWayTests;
			productReference = 0630DAB51F0A070A00AE9D1E /* ViewPushWayTests.xctest */;
			productType = "com.apple.product-type.bundle.unit-test";
		};
		0630DABF1F0A070A00AE9D1E /* ViewPushWayUITests */ = {
			isa = PBXNativeTarget;
			buildConfigurationList = 0630DACF1F0A070A00AE9D1E /* Build configuration list for PBXNativeTarget "ViewPushWayUITests" */;
			buildPhases = (
				0630DABC1F0A070A00AE9D1E /* Sources */,
				0630DABD1F0A070A00AE9D1E /* Frameworks */,
				0630DABE1F0A070A00AE9D1E /* Resources */,
			);
			buildRules = (
			);
			dependencies = (
				0630DAC21F0A070A00AE9D1E /* PBXTargetDependency */,
			);
			name = ViewPushWayUITests;
			productName = ViewPushWayUITests;
			productReference = 0630DAC01F0A070A00AE9D1E /* ViewPushWayUITests.xctest */;
			productType = "com.apple.product-type.bundle.ui-testing";
		};
/* End PBXNativeTarget section */

/* Begin PBXProject section */
		0630DA941F0A070900AE9D1E /* Project object */ = {
			isa = PBXProject;
			attributes = {
				LastUpgradeCheck = 0830;
				ORGANIZATIONNAME = "咖达";
				TargetAttributes = {
					0630DA9B1F0A070900AE9D1E = {
						CreatedOnToolsVersion = 8.3.2;
						ProvisioningStyle = Automatic;
					};
					0630DAB41F0A070A00AE9D1E = {
						CreatedOnToolsVersion = 8.3.2;
						ProvisioningStyle = Automatic;
						TestTargetID = 0630DA9B1F0A070900AE9D1E;
					};
					0630DABF1F0A070A00AE9D1E = {
						CreatedOnToolsVersion = 8.3.2;
						ProvisioningStyle = Automatic;
						TestTargetID = 0630DA9B1F0A070900AE9D1E;
					};
				};
			};
			buildConfigurationList = 0630DA971F0A070900AE9D1E /* Build configuration list for PBXProject "ViewPushWay" */;
			compatibilityVersion = "Xcode 3.2";
			developmentRegion = English;
			hasScannedForEncodings = 0;
			knownRegions = (
				en,
				Base,
			);
			mainGroup = 0630DA931F0A070900AE9D1E;
			productRefGroup = 0630DA9D1F0A070900AE9D1E /* Products */;
			projectDirPath = "";
			projectRoot = "";
			targets = (
				0630DA9B1F0A070900AE9D1E /* ViewPushWay */,
				0630DAB41F0A070A00AE9D1E /* ViewPushWayTests */,
				0630DABF1F0A070A00AE9D1E /* ViewPushWayUITests */,
			);
		};
/* End PBXProject section */

/* Begin PBXResourcesBuildPhase section */
		0630DA9A1F0A070900AE9D1E /* Resources */ = {
			isa = PBXResourcesBuildPhase;
			buildActionMask = 2147483647;
			files = (
				0630DAAF1F0A070900AE9D1E /* LaunchScreen.storyboard in Resources */,
				0630DAAC1F0A070900AE9D1E /* Assets.xcassets in Resources */,
				0630DAAA1F0A070900AE9D1E /* Main.storyboard in Resources */,
			);
			runOnlyForDeploymentPostprocessing = 0;
		};
		0630DAB31F0A070A00AE9D1E /* Resources */ = {
			isa = PBXResourcesBuildPhase;
			buildActionMask = 2147483647;
			files = (
			);
			runOnlyForDeploymentPostprocessing = 0;
		};
		0630DABE1F0A070A00AE9D1E /* Resources */ = {
			isa = PBXResourcesBuildPhase;
			buildActionMask = 2147483647;
			files = (
			);
			runOnlyForDeploymentPostprocessing = 0;
		};
/* End PBXResourcesBuildPhase section */

/* Begin PBXSourcesBuildPhase section */
		0630DA981F0A070900AE9D1E /* Sources */ = {
			isa = PBXSourcesBuildPhase;
			buildActionMask = 2147483647;
			files = (
				0630DAD71F0A073500AE9D1E /* CustomView.m in Sources */,
				0630DAA71F0A070900AE9D1E /* ViewController.m in Sources */,
				0630DAD41F0A072200AE9D1E /* ViewPushViewController.m in Sources */,
				0630DAA41F0A070900AE9D1E /* AppDelegate.m in Sources */,
				0630DAA11F0A070900AE9D1E /* main.m in Sources */,
			);
			runOnlyForDeploymentPostprocessing = 0;
		};
		0630DAB11F0A070A00AE9D1E /* Sources */ = {
			isa = PBXSourcesBuildPhase;
			buildActionMask = 2147483647;
			files = (
				0630DABA1F0A070A00AE9D1E /* ViewPushWayTests.m in Sources */,
			);
			runOnlyForDeploymentPostprocessing = 0;
		};
		0630DABC1F0A070A00AE9D1E /* Sources */ = {
			isa = PBXSourcesBuildPhase;
			buildActionMask = 2147483647;
			files = (
				0630DAC51F0A070A00AE9D1E /* ViewPushWayUITests.m in Sources */,
			);
			runOnlyForDeploymentPostprocessing = 0;
		};
/* End PBXSourcesBuildPhase section */

/* Begin PBXTargetDependency section */
		0630DAB71F0A070A00AE9D1E /* PBXTargetDependency */ = {
			isa = PBXTargetDependency;
			target = 0630DA9B1F0A070900AE9D1E /* ViewPushWay */;
			targetProxy = 0630DAB61F0A070A00AE9D1E /* PBXContainerItemProxy */;
		};
		0630DAC21F0A070A00AE9D1E /* PBXTargetDependency */ = {
			isa = PBXTargetDependency;
			target = 0630DA9B1F0A070900AE9D1E /* ViewPushWay */;
			targetProxy = 0630DAC11F0A070A00AE9D1E /* PBXContainerItemProxy */;
		};
/* End PBXTargetDependency section */

/* Begin PBXVariantGroup section */
		0630DAA81F0A070900AE9D1E /* Main.storyboard */ = {
			isa = PBXVariantGroup;
			children = (
				0630DAA91F0A070900AE9D1E /* Base */,
			);
			name = Main.storyboard;
			sourceTree = "<group>";
		};
		0630DAAD1F0A070900AE9D1E /* LaunchScreen.storyboard */ = {
			isa = PBXVariantGroup;
			children = (
				0630DAAE1F0A070900AE9D1E /* Base */,
			);
			name = LaunchScreen.storyboard;
			sourceTree = "<group>";
		};
/* End PBXVariantGroup section */

/* Begin XCBuildConfiguration section */
		0630DAC71F0A070A00AE9D1E /* Debug */ = {
			isa = XCBuildConfiguration;
			buildSettings = {
				ALWAYS_SEARCH_USER_PATHS = NO;
				CLANG_ANALYZER_NONNULL = YES;
				CLANG_ANALYZER_NUMBER_OBJECT_CONVERSION = YES_AGGRESSIVE;
				CLANG_CXX_LANGUAGE_STANDARD = "gnu++0x";
				CLANG_CXX_LIBRARY = "libc++";
				CLANG_ENABLE_MODULES = YES;
				CLANG_ENABLE_OBJC_ARC = YES;
				CLANG_WARN_BOOL_CONVERSION = YES;
				CLANG_WARN_CONSTANT_CONVERSION = YES;
				CLANG_WARN_DIRECT_OBJC_ISA_USAGE = YES_ERROR;
				CLANG_WARN_DOCUMENTATION_COMMENTS = YES;
				CLANG_WARN_EMPTY_BODY = YES;
				CLANG_WARN_ENUM_CONVERSION = YES;
				CLANG_WARN_INFINITE_RECURSION = YES;
				CLANG_WARN_INT_CONVERSION = YES;
				CLANG_WARN_OBJC_ROOT_CLASS = YES_ERROR;
				CLANG_WARN_SUSPICIOUS_MOVE = YES;
				CLANG_WARN_UNREACHABLE_CODE = YES;
				CLANG_WARN__DUPLICATE_METHOD_MATCH = YES;
				"CODE_SIGN_IDENTITY[sdk=iphoneos*]" = "iPhone Developer";
				COPY_PHASE_STRIP = NO;
				DEBUG_INFORMATION_FORMAT = dwarf;
				ENABLE_STRICT_OBJC_MSGSEND = YES;
				ENABLE_TESTABILITY = YES;
				GCC_C_LANGUAGE_STANDARD = gnu99;
				GCC_DYNAMIC_NO_PIC = NO;
				GCC_NO_COMMON_BLOCKS = YES;
				GCC_OPTIMIZATION_LEVEL = 0;
				GCC_PREPROCESSOR_DEFINITIONS = (
					"DEBUG=1",
					"$(inherited)",
				);
				GCC_WARN_64_TO_32_BIT_CONVERSION = YES;
				GCC_WARN_ABOUT_RETURN_TYPE = YES_ERROR;
				GCC_WARN_UNDECLARED_SELECTOR = YES;
				GCC_WARN_UNINITIALIZED_AUTOS = YES_AGGRESSIVE;
				GCC_WARN_UNUSED_FUNCTION = YES;
				GCC_WARN_UNUSED_VARIABLE = YES;
				IPHONEOS_DEPLOYMENT_TARGET = 10.3;
				MTL_ENABLE_DEBUG_INFO = YES;
				ONLY_ACTIVE_ARCH = YES;
				SDKROOT = iphoneos;
			};
			name = Debug;
		};
		0630DAC81F0A070A00AE9D1E /* Release */ = {
			isa = XCBuildConfiguration;
			buildSettings = {
				ALWAYS_SEARCH_USER_PATHS = NO;
				CLANG_ANALYZER_NONNULL = YES;
				CLANG_ANALYZER_NUMBER_OBJECT_CONVERSION = YES_AGGRESSIVE;
				CLANG_CXX_LANGUAGE_STANDARD = "gnu++0x";
				CLANG_CXX_LIBRARY = "libc++";
				CLANG_ENABLE_MODULES = YES;
				CLANG_ENABLE_OBJC_ARC = YES;
				CLANG_WARN_BOOL_CONVERSION = YES;
				CLANG_WARN_CONSTANT_CONVERSION = YES;
				CLANG_WARN_DIRECT_OBJC_ISA_USAGE = YES_ERROR;
				CLANG_WARN_DOCUMENTATION_COMMENTS = YES;
				CLANG_WARN_EMPTY_BODY = YES;
				CLANG_WARN_ENUM_CONVERSION = YES;
				CLANG_WARN_INFINITE_RECURSION = YES;
				CLANG_WARN_INT_CONVERSION = YES;
				CLANG_WARN_OBJC_ROOT_CLASS = YES_ERROR;
				CLANG_WARN_SUSPICIOUS_MOVE = YES;
				CLANG_WARN_UNREACHABLE_CODE = YES;
				CLANG_WARN__DUPLICATE_METHOD_MATCH = YES;
				"CODE_SIGN_IDENTITY[sdk=iphoneos*]" = "iPhone Developer";
				COPY_PHASE_STRIP = NO;
				DEBUG_INFORMATION_FORMAT = "dwarf-with-dsym";
				ENABLE_NS_ASSERTIONS = NO;
				ENABLE_STRICT_OBJC_MSGSEND = YES;
				GCC_C_LANGUAGE_STANDARD = gnu99;
				GCC_NO_COMMON_BLOCKS = YES;
				GCC_WARN_64_TO_32_BIT_CONVERSION = YES;
				GCC_WARN_ABOUT_RETURN_TYPE = YES_ERROR;
				GCC_WARN_UNDECLARED_SELECTOR = YES;
				GCC_WARN_UNINITIALIZED_AUTOS = YES_AGGRESSIVE;
				GCC_WARN_UNUSED_FUNCTION = YES;
				GCC_WARN_UNUSED_VARIABLE = YES;
				IPHONEOS_DEPLOYMENT_TARGET = 10.3;
				MTL_ENABLE_DEBUG_INFO = NO;
				SDKROOT = iphoneos;
				VALIDATE_PRODUCT = YES;
			};
			name = Release;
		};
		0630DACA1F0A070A00AE9D1E /* Debug */ = {
			isa = XCBuildConfiguration;
			buildSettings = {
				ASSETCATALOG_COMPILER_APPICON_NAME = AppIcon;
				INFOPLIST_FILE = ViewPushWay/Info.plist;
				LD_RUNPATH_SEARCH_PATHS = "$(inherited) @executable_path/Frameworks";
				PRODUCT_BUNDLE_IDENTIFIER = com.kada.ViewPushWay;
				PRODUCT_NAME = "$(TARGET_NAME)";
			};
			name = Debug;
		};
		0630DACB1F0A070A00AE9D1E /* Release */ = {
			isa = XCBuildConfiguration;
			buildSettings = {
				ASSETCATALOG_COMPILER_APPICON_NAME = AppIcon;
				INFOPLIST_FILE = ViewPushWay/Info.plist;
				LD_RUNPATH_SEARCH_PATHS = "$(inherited) @executable_path/Frameworks";
				PRODUCT_BUNDLE_IDENTIFIER = com.kada.ViewPushWay;
				PRODUCT_NAME = "$(TARGET_NAME)";
			};
			name = Release;
		};
		0630DACD1F0A070A00AE9D1E /* Debug */ = {
			isa = XCBuildConfiguration;
			buildSettings = {
				BUNDLE_LOADER = "$(TEST_HOST)";
				INFOPLIST_FILE = ViewPushWayTests/Info.plist;
				LD_RUNPATH_SEARCH_PATHS = "$(inherited) @executable_path/Frameworks @loader_path/Frameworks";
				PRODUCT_BUNDLE_IDENTIFIER = com.kada.ViewPushWayTests;
				PRODUCT_NAME = "$(TARGET_NAME)";
				TEST_HOST = "$(BUILT_PRODUCTS_DIR)/ViewPushWay.app/ViewPushWay";
			};
			name = Debug;
		};
		0630DACE1F0A070A00AE9D1E /* Release */ = {
			isa = XCBuildConfiguration;
			buildSettings = {
				BUNDLE_LOADER = "$(TEST_HOST)";
				INFOPLIST_FILE = ViewPushWayTests/Info.plist;
				LD_RUNPATH_SEARCH_PATHS = "$(inherited) @executable_path/Frameworks @loader_path/Frameworks";
				PRODUCT_BUNDLE_IDENTIFIER = com.kada.ViewPushWayTests;
				PRODUCT_NAME = "$(TARGET_NAME)";
				TEST_HOST = "$(BUILT_PRODUCTS_DIR)/ViewPushWay.app/ViewPushWay";
			};
			name = Release;
		};
		0630DAD01F0A070A00AE9D1E /* Debug */ = {
			isa = XCBuildConfiguration;
			buildSettings = {
				INFOPLIST_FILE = ViewPushWayUITests/Info.plist;
				LD_RUNPATH_SEARCH_PATHS = "$(inherited) @executable_path/Frameworks @loader_path/Frameworks";
				PRODUCT_BUNDLE_IDENTIFIER = com.kada.ViewPushWayUITests;
				PRODUCT_NAME = "$(TARGET_NAME)";
				TEST_TARGET_NAME = ViewPushWay;
			};
			name = Debug;
		};
		0630DAD11F0A070A00AE9D1E /* Release */ = {
			isa = XCBuildConfiguration;
			buildSettings = {
				INFOPLIST_FILE = ViewPushWayUITests/Info.plist;
				LD_RUNPATH_SEARCH_PATHS = "$(inherited) @executable_path/Frameworks @loader_path/Frameworks";
				PRODUCT_BUNDLE_IDENTIFIER = com.kada.ViewPushWayUITests;
				PRODUCT_NAME = "$(TARGET_NAME)";
				TEST_TARGET_NAME = ViewPushWay;
			};
			name = Release;
		};
/* End XCBuildConfiguration section */

/* Begin XCConfigurationList section */
		0630DA971F0A070900AE9D1E /* Build configuration list for PBXProject "ViewPushWay" */ = {
			isa = XCConfigurationList;
			buildConfigurations = (
				0630DAC71F0A070A00AE9D1E /* Debug */,
				0630DAC81F0A070A00AE9D1E /* Release */,
			);
			defaultConfigurationIsVisible = 0;
			defaultConfigurationName = Release;
		};
		0630DAC91F0A070A00AE9D1E /* Build configuration list for PBXNativeTarget "ViewPushWay" */ = {
			isa = XCConfigurationList;
			buildConfigurations = (
				0630DACA1F0A070A00AE9D1E /* Debug */,
				0630DACB1F0A070A00AE9D1E /* Release */,
			);
			defaultConfigurationIsVisible = 0;
		};
		0630DACC1F0A070A00AE9D1E /* Build configuration list for PBXNativeTarget "ViewPushWayTests" */ = {
			isa = XCConfigurationList;
			buildConfigurations = (
				0630DACD1F0A070A00AE9D1E /* Debug */,
				0630DACE1F0A070A00AE9D1E /* Release */,
			);
			defaultConfigurationIsVisible = 0;
		};
		0630DACF1F0A070A00AE9D1E /* Build configuration list for PBXNativeTarget "ViewPushWayUITests" */ = {
			isa = XCConfigurationList;
			buildConfigurations = (
				0630DAD01F0A070A00AE9D1E /* Debug */,
				0630DAD11F0A070A00AE9D1E /* Release */,
			);
			defaultConfigurationIsVisible = 0;
		};
/* End XCConfigurationList section */
	};
	rootObject = 0630DA941F0A070900AE9D1E /* Project object */;
}
